Microsoft Visual Studio Solution File, Format Version 12.00
# Visual Studio Version 17
VisualStudioVersion = 17.5.2.0
MinimumVisualStudioVersion = 10.0.40219.1
Project("{2150E333-8FDC-42A3-9474-1A3956D46DE8}") = "Files", "Files", "{9F5E6384-8D91-7B30-BF94-463B36B69FC3}"
EndProject
Project("{2150E333-8FDC-42A3-9474-1A3956D46DE8}") = "2-nd course", "2-nd course", "{5E5E173D-1E99-5CA6-7162-B58912DAA7D6}"
EndProject
Project("{2150E333-8FDC-42A3-9474-1A3956D46DE8}") = "4-th semester", "4-th semester", "{613417F8-EA7E-7315-5FDB-C1A1BD96A689}"
EndProject
Project("{2150E333-8FDC-42A3-9474-1A3956D46DE8}") = "Object-oriented programming", "Object-oriented programming", "{96F6337B-25C1-EC1F-C463-95056514DC14}"
EndProject
Project("{2150E333-8FDC-42A3-9474-1A3956D46DE8}") = "Laboratory work", "Laboratory work", "{6EAA8CFF-2D78-DF70-7D09-C0E9D7AC5F53}"
EndProject
Project("{2150E333-8FDC-42A3-9474-1A3956D46DE8}") = "Lab #1", "Lab #1", "{67E0A46C-E896-7AD3-C987-3090C9CBF4CC}"
EndProject
Project("{FAE04EC0-301F-11D3-BF4B-00C04F79EFBC}") = "Vlad", "Files\2-nd course\4-th semester\Object-oriented programming\Laboratory work\Lab #1\Vlad\Vlad.csproj", "{B9593658-52BF-828A-943B-EC18A476E363}"
EndProject
Global
	GlobalSection(SolutionConfigurationPlatforms) = preSolution
		Debug|Any CPU = Debug|Any CPU
		Release|Any CPU = Release|Any CPU
	EndGlobalSection
	GlobalSection(ProjectConfigurationPlatforms) = postSolution
		{B9593658-52BF-828A-943B-EC18A476E363}.Debug|Any CPU.ActiveCfg = Debug|Any CPU
		{B9593658-52BF-828A-943B-EC18A476E363}.Debug|Any CPU.Build.0 = Debug|Any CPU
		{B9593658-52BF-828A-943B-EC18A476E363}.Release|Any CPU.ActiveCfg = Release|Any CPU
		{B9593658-52BF-828A-943B-EC18A476E363}.Release|Any CPU.Build.0 = Release|Any CPU
	EndGlobalSection
	GlobalSection(SolutionProperties) = preSolution
		HideSolutionNode = FALSE
	EndGlobalSection
	GlobalSection(NestedProjects) = preSolution
		{5E5E173D-1E99-5CA6-7162-B58912DAA7D6} = {9F5E6384-8D91-7B30-BF94-463B36B69FC3}
		{613417F8-EA7E-7315-5FDB-C1A1BD96A689} = {5E5E173D-1E99-5CA6-7162-B58912DAA7D6}
		{96F6337B-25C1-EC1F-C463-95056514DC14} = {613417F8-EA7E-7315-5FDB-C1A1BD96A689}
		{6EAA8CFF-2D78-DF70-7D09-C0E9D7AC5F53} = {96F6337B-25C1-EC1F-C463-95056514DC14}
		{67E0A46C-E896-7AD3-C987-3090C9CBF4CC} = {6EAA8CFF-2D78-DF70-7D09-C0E9D7AC5F53}
		{B9593658-52BF-828A-943B-EC18A476E363} = {67E0A46C-E896-7AD3-C987-3090C9CBF4CC}
	EndGlobalSection
	GlobalSection(ExtensibilityGlobals) = postSolution
		SolutionGuid = {33ED4292-A3D0-4B39-9026-CEA1A914B26C}
	EndGlobalSection
EndGlobal
